
Microsoft Visual Studio Solution File, Format Version 12.00
# Visual Studio 15
VisualStudioVersion = 15.0.28307.1321
MinimumVisualStudioVersion = 10.0.40219.1
Project("{FAE04EC0-301F-11D3-BF4B-00C04F79EFBC}") = "DaYanJiangHu", "DaYanJiangHu\DaYanJiangHu.csproj", "{1006E714-8C07-4082-ADB3-41757593EDC6}"
EndProject
Global
	GlobalSection(SolutionConfigurationPlatforms) = preSolution
		Debug|Any CPU = Debug|Any CPU
		Release|Any CPU = Release|Any CPU
	EndGlobalSection
	GlobalSection(ProjectConfigurationPlatforms) = postSolution
		{1006E714-8C07-4082-ADB3-41757593EDC6}.Debug|Any CPU.ActiveCfg = Debug|Any CPU
		{1006E714-8C07-4082-ADB3-41757593EDC6}.Debug|Any CPU.Build.0 = Debug|Any CPU
		{1006E714-8C07-4082-ADB3-41757593EDC6}.Release|Any CPU.ActiveCfg = Release|Any CPU
		{1006E714-8C07-4082-ADB3-41757593EDC6}.Release|Any CPU.Build.0 = Release|Any CPU
	EndGlobalSection
	GlobalSection(SolutionProperties) = preSolution
		HideSolutionNode = FALSE
	EndGlobalSection
	GlobalSection(ExtensibilityGlobals) = postSolution
		SolutionGuid = {BB3D9030-2A05-468E-ABFE-8F629A9326B4}
	EndGlobalSection
EndGlobal
